// !$*UTF8*$!
{
	archiveVersion = 1;
	classes = {
	};
	objectVersion = 50;
	objects = {

/* Begin PBXBuildFile section */
		554D1756262FFE6900176C3E /* AppDelegate.swift in Sources */ = {isa = PBXBuildFile; fileRef = 554D1755262FFE6900176C3E /* AppDelegate.swift */; };
		554D1758262FFE6900176C3E /* SceneDelegate.swift in Sources */ = {isa = PBXBuildFile; fileRef = 554D1757262FFE6900176C3E /* SceneDelegate.swift */; };
		554D175A262FFE6900176C3E /* ContentView.swift in Sources */ = {isa = PBXBuildFile; fileRef = 554D1759262FFE6900176C3E /* ContentView.swift */; };
		554D175C262FFE6A00176C3E /* Assets.xcassets in Resources */ = {isa = PBXBuildFile; fileRef = 554D175B262FFE6A00176C3E /* Assets.xcassets */; };
		554D175F262FFE6A00176C3E /* Preview Assets.xcassets in Resources */ = {isa = PBXBuildFile; fileRef = 554D175E262FFE6A00176C3E /* Preview Assets.xcassets */; };
		554D1762262FFE6A00176C3E /* LaunchScreen.storyboard in Resources */ = {isa = PBXBuildFile; fileRef = 554D1760262FFE6A00176C3E /* LaunchScreen.storyboard */; };
		554D176F26309FDE00176C3E /* PickerView.swift in Sources */ = {isa = PBXBuildFile; fileRef = 554D176E26309FDE00176C3E /* PickerView.swift */; };
		55B009F02631C46D00E471C9 /* ButtonSample.swift in Sources */ = {isa = PBXBuildFile; fileRef = 55B009EF2631C46D00E471C9 /* ButtonSample.swift */; };
		55F8F6682632E818005EDF52 /* ImageViewSample.swift in Sources */ = {isa = PBXBuildFile; fileRef = 55F8F6672632E818005EDF52 /* ImageViewSample.swift */; };
		55F8F66B2632E98B005EDF52 /* MapViewSample.swift in Sources */ = {isa = PBXBuildFile; fileRef = 55F8F66A2632E98B005EDF52 /* MapViewSample.swift */; };
		55F8F66E2632EABD005EDF52 /* DetailView.swift in Sources */ = {isa = PBXBuildFile; fileRef = 55F8F66D2632EABD005EDF52 /* DetailView.swift */; };
/* End PBXBuildFile section */

/* Begin PBXFileReference section */
		554D1752262FFE6900176C3E /* SwiftUIDemo.app */ = {isa = PBXFileReference; explicitFileType = wrapper.application; includeInIndex = 0; path = SwiftUIDemo.app; sourceTree = BUILT_PRODUCTS_DIR; };
		554D1755262FFE6900176C3E /* AppDelegate.swift */ = {isa = PBXFileReference; lastKnownFileType = sourcecode.swift; path = AppDelegate.swift; sourceTree = "<group>"; };
		554D1757262FFE6900176C3E /* SceneDelegate.swift */ = {isa = PBXFileReference; lastKnownFileType = sourcecode.swift; path = SceneDelegate.swift; sourceTree = "<group>"; };
		554D1759262FFE6900176C3E /* ContentView.swift */ = {isa = PBXFileReference; lastKnownFileType = sourcecode.swift; path = ContentView.swift; sourceTree = "<group>"; };
		554D175B262FFE6A00176C3E /* Assets.xcassets */ = {isa = PBXFileReference; lastKnownFileType = folder.assetcatalog; path = Assets.xcassets; sourceTree = "<group>"; };
		554D175E262FFE6A00176C3E /* Preview Assets.xcassets */ = {isa = PBXFileReference; lastKnownFileType = folder.assetcatalog; path = "Preview Assets.xcassets"; sourceTree = "<group>"; };
		554D1761262FFE6A00176C3E /* Base */ = {isa = PBXFileReference; lastKnownFileType = file.storyboard; name = Base; path = Base.lproj/LaunchScreen.storyboard; sourceTree = "<group>"; };
		554D1763262FFE6A00176C3E /* Info.plist */ = {isa = PBXFileReference; lastKnownFileType = text.plist.xml; path = Info.plist; sourceTree = "<group>"; };
		554D176E26309FDE00176C3E /* PickerView.swift */ = {isa = PBXFileReference; lastKnownFileType = sourcecode.swift; path = PickerView.swift; sourceTree = "<group>"; };
		55B009EF2631C46D00E471C9 /* ButtonSample.swift */ = {isa = PBXFileReference; lastKnownFileType = sourcecode.swift; path = ButtonSample.swift; sourceTree = "<group>"; };
		55F8F6672632E818005EDF52 /* ImageViewSample.swift */ = {isa = PBXFileReference; lastKnownFileType = sourcecode.swift; path = ImageViewSample.swift; sourceTree = "<group>"; };
		55F8F66A2632E98B005EDF52 /* MapViewSample.swift */ = {isa = PBXFileReference; lastKnownFileType = sourcecode.swift; path = MapViewSample.swift; sourceTree = "<group>"; };
		55F8F66D2632EABD005EDF52 /* DetailView.swift */ = {isa = PBXFileReference; lastKnownFileType = sourcecode.swift; path = DetailView.swift; sourceTree = "<group>"; };
/* End PBXFileReference section */

/* Begin PBXFrameworksBuildPhase section */
		554D174F262FFE6900176C3E /* Frameworks */ = {
			isa = PBXFrameworksBuildPhase;
			buildActionMask = 2147483647;
			files = (
			);
			runOnlyForDeploymentPostprocessing = 0;
		};
/* End PBXFrameworksBuildPhase section */

/* Begin PBXGroup section */
		554D1749262FFE6800176C3E = {
			isa = PBXGroup;
			children = (
				554D1754262FFE6900176C3E /* SwiftUIDemo */,
				554D1753262FFE6900176C3E /* Products */,
			);
			sourceTree = "<group>";
		};
		554D1753262FFE6900176C3E /* Products */ = {
			isa = PBXGroup;
			children = (
				554D1752262FFE6900176C3E /* SwiftUIDemo.app */,
			);
			name = Products;
			sourceTree = "<group>";
		};
		554D1754262FFE6900176C3E /* SwiftUIDemo */ = {
			isa = PBXGroup;
			children = (
				554D1755262FFE6900176C3E /* AppDelegate.swift */,
				554D1757262FFE6900176C3E /* SceneDelegate.swift */,
				554D1759262FFE6900176C3E /* ContentView.swift */,
				554D175B262FFE6A00176C3E /* Assets.xcassets */,
				554D1760262FFE6A00176C3E /* LaunchScreen.storyboard */,
				554D1763262FFE6A00176C3E /* Info.plist */,
				554D175D262FFE6A00176C3E /* Preview Content */,
				554D176E26309FDE00176C3E /* PickerView.swift */,
				55B009EF2631C46D00E471C9 /* ButtonSample.swift */,
				55F8F6672632E818005EDF52 /* ImageViewSample.swift */,
				55F8F66A2632E98B005EDF52 /* MapViewSample.swift */,
				55F8F66D2632EABD005EDF52 /* DetailView.swift */,
			);
			path = SwiftUIDemo;
			sourceTree = "<group>";
		};
		554D175D262FFE6A00176C3E /* Preview Content */ = {
			isa = PBXGroup;
			children = (
				554D175E262FFE6A00176C3E /* Preview Assets.xcassets */,
			);
			path = "Preview Content";
			sourceTree = "<group>";
		};
/* End PBXGroup section */

/* Begin PBXNativeTarget section */
		554D1751262FFE6900176C3E /* SwiftUIDemo */ = {
			isa = PBXNativeTarget;
			buildConfigurationList = 554D1766262FFE6A00176C3E /* Build configuration list for PBXNativeTarget "SwiftUIDemo" */;
			buildPhases = (
				554D174E262FFE6900176C3E /* Sources */,
				554D174F262FFE6900176C3E /* Frameworks */,
				554D1750262FFE6900176C3E /* Resources */,
			);
			buildRules = (
			);
			dependencies = (
			);
			name = SwiftUIDemo;
			productName = SwiftUIDemo;
			productReference = 554D1752262FFE6900176C3E /* SwiftUIDemo.app */;
			productType = "com.apple.product-type.application";
		};
/* End PBXNativeTarget section */

/* Begin PBXProject section */
		554D174A262FFE6800176C3E /* Project object */ = {
			isa = PBXProject;
			attributes = {
				LastSwiftUpdateCheck = 1200;
				LastUpgradeCheck = 1200;
				TargetAttributes = {
					554D1751262FFE6900176C3E = {
						CreatedOnToolsVersion = 12.0;
					};
				};
			};
			buildConfigurationList = 554D174D262FFE6800176C3E /* Build configuration list for PBXProject "SwiftUIDemo" */;
			compatibilityVersion = "Xcode 9.3";
			developmentRegion = en;
			hasScannedForEncodings = 0;
			knownRegions = (
				en,
				Base,
			);
			mainGroup = 554D1749262FFE6800176C3E;
			productRefGroup = 554D1753262FFE6900176C3E /* Products */;
			projectDirPath = "";
			projectRoot = "";
			targets = (
				554D1751262FFE6900176C3E /* SwiftUIDemo */,
			);
		};
/* End PBXProject section */

/* Begin PBXResourcesBuildPhase section */
		554D1750262FFE6900176C3E /* Resources */ = {
			isa = PBXResourcesBuildPhase;
			buildActionMask = 2147483647;
			files = (
				554D1762262FFE6A00176C3E /* LaunchScreen.storyboard in Resources */,
				554D175F262FFE6A00176C3E /* Preview Assets.xcassets in Resources */,
				554D175C262FFE6A00176C3E /* Assets.xcassets in Resources */,
			);
			runOnlyForDeploymentPostprocessing = 0;
		};
/* End PBXResourcesBuildPhase section */

/* Begin PBXSourcesBuildPhase section */
		554D174E262FFE6900176C3E /* Sources */ = {
			isa = PBXSourcesBuildPhase;
			buildActionMask = 2147483647;
			files = (
				55F8F66B2632E98B005EDF52 /* MapViewSample.swift in Sources */,
				55F8F66E2632EABD005EDF52 /* DetailView.swift in Sources */,
				55F8F6682632E818005EDF52 /* ImageViewSample.swift in Sources */,
				55B009F02631C46D00E471C9 /* ButtonSample.swift in Sources */,
				554D176F26309FDE00176C3E /* PickerView.swift in Sources */,
				554D1756262FFE6900176C3E /* AppDelegate.swift in Sources */,
				554D1758262FFE6900176C3E /* SceneDelegate.swift in Sources */,
				554D175A262FFE6900176C3E /* ContentView.swift in Sources */,
			);
			runOnlyForDeploymentPostprocessing = 0;
		};
/* End PBXSourcesBuildPhase section */

/* Begin PBXVariantGroup section */
		554D1760262FFE6A00176C3E /* LaunchScreen.storyboard */ = {
			isa = PBXVariantGroup;
			children = (
				554D1761262FFE6A00176C3E /* Base */,
			);
			name = LaunchScreen.storyboard;
			sourceTree = "<group>";
		};
/* End PBXVariantGroup section */

/* Begin XCBuildConfiguration section */
		554D1764262FFE6A00176C3E /* Debug */ = {
			isa = XCBuildConfiguration;
			buildSettings = {
				ALWAYS_SEARCH_USER_PATHS = NO;
				CLANG_ANALYZER_NONNULL = YES;
				CLANG_ANALYZER_NUMBER_OBJECT_CONVERSION = YES_AGGRESSIVE;
				CLANG_CXX_LANGUAGE_STANDARD = "gnu++14";
				CLANG_CXX_LIBRARY = "libc++";
				CLANG_ENABLE_MODULES = YES;
				CLANG_ENABLE_OBJC_ARC = YES;
				CLANG_ENABLE_OBJC_WEAK = YES;
				CLANG_WARN_BLOCK_CAPTURE_AUTORELEASING = YES;
				CLANG_WARN_BOOL_CONVERSION = YES;
				CLANG_WARN_COMMA = YES;
				CLANG_WARN_CONSTANT_CONVERSION = YES;
				CLANG_WARN_DEPRECATED_OBJC_IMPLEMENTATIONS = YES;
				CLANG_WARN_DIRECT_OBJC_ISA_USAGE = YES_ERROR;
				CLANG_WARN_DOCUMENTATION_COMMENTS = YES;
				CLANG_WARN_EMPTY_BODY = YES;
				CLANG_WARN_ENUM_CONVERSION = YES;
				CLANG_WARN_INFINITE_RECURSION = YES;
				CLANG_WARN_INT_CONVERSION = YES;
				CLANG_WARN_NON_LITERAL_NULL_CONVERSION = YES;
				CLANG_WARN_OBJC_IMPLICIT_RETAIN_SELF = YES;
				CLANG_WARN_OBJC_LITERAL_CONVERSION = YES;
				CLANG_WARN_OBJC_ROOT_CLASS = YES_ERROR;
				CLANG_WARN_QUOTED_INCLUDE_IN_FRAMEWORK_HEADER = YES;
				CLANG_WARN_RANGE_LOOP_ANALYSIS = YES;
				CLANG_WARN_STRICT_PROTOTYPES = YES;
				CLANG_WARN_SUSPICIOUS_MOVE = YES;
				CLANG_WARN_UNGUARDED_AVAILABILITY = YES_AGGRESSIVE;
				CLANG_WARN_UNREACHABLE_CODE = YES;
				CLANG_WARN__DUPLICATE_METHOD_MATCH = YES;
				COPY_PHASE_STRIP = NO;
				DEBUG_INFORMATION_FORMAT = dwarf;
				ENABLE_STRICT_OBJC_MSGSEND = YES;
				ENABLE_TESTABILITY = YES;
				GCC_C_LANGUAGE_STANDARD = gnu11;
				GCC_DYNAMIC_NO_PIC = NO;
				GCC_NO_COMMON_BLOCKS = YES;
				GCC_OPTIMIZATION_LEVEL = 0;
				GCC_PREPROCESSOR_DEFINITIONS = (
					"DEBUG=1",
					"$(inherited)",
				);
				GCC_WARN_64_TO_32_BIT_CONVERSION = YES;
				GCC_WARN_ABOUT_RETURN_TYPE = YES_ERROR;
				GCC_WARN_UNDECLARED_SELECTOR = YES;
				GCC_WARN_UNINITIALIZED_AUTOS = YES_AGGRESSIVE;
				GCC_WARN_UNUSED_FUNCTION = YES;
				GCC_WARN_UNUSED_VARIABLE = YES;
				IPHONEOS_DEPLOYMENT_TARGET = 14.0;
				MTL_ENABLE_DEBUG_INFO = INCLUDE_SOURCE;
				MTL_FAST_MATH = YES;
				ONLY_ACTIVE_ARCH = YES;
				SDKROOT = iphoneos;
				SWIFT_ACTIVE_COMPILATION_CONDITIONS = DEBUG;
				SWIFT_OPTIMIZATION_LEVEL = "-Onone";
			};
			name = Debug;
		};
		554D1765262FFE6A00176C3E /* Release */ = {
			isa = XCBuildConfiguration;
			buildSettings = {
				ALWAYS_SEARCH_USER_PATHS = NO;
				CLANG_ANALYZER_NONNULL = YES;
				CLANG_ANALYZER_NUMBER_OBJECT_CONVERSION = YES_AGGRESSIVE;
				CLANG_CXX_LANGUAGE_STANDARD = "gnu++14";
				CLANG_CXX_LIBRARY = "libc++";
				CLANG_ENABLE_MODULES = YES;
				CLANG_ENABLE_OBJC_ARC = YES;
				CLANG_ENABLE_OBJC_WEAK = YES;
				CLANG_WARN_BLOCK_CAPTURE_AUTORELEASING = YES;
				CLANG_WARN_BOOL_CONVERSION = YES;
				CLANG_WARN_COMMA = YES;
				CLANG_WARN_CONSTANT_CONVERSION = YES;
				CLANG_WARN_DEPRECATED_OBJC_IMPLEMENTATIONS = YES;
				CLANG_WARN_DIRECT_OBJC_ISA_USAGE = YES_ERROR;
				CLANG_WARN_DOCUMENTATION_COMMENTS = YES;
				CLANG_WARN_EMPTY_BODY = YES;
				CLANG_WARN_ENUM_CONVERSION = YES;
				CLANG_WARN_INFINITE_RECURSION = YES;
				CLANG_WARN_INT_CONVERSION = YES;
				CLANG_WARN_NON_LITERAL_NULL_CONVERSION = YES;
				CLANG_WARN_OBJC_IMPLICIT_RETAIN_SELF = YES;
				CLANG_WARN_OBJC_LITERAL_CONVERSION = YES;
				CLANG_WARN_OBJC_ROOT_CLASS = YES_ERROR;
				CLANG_WARN_QUOTED_INCLUDE_IN_FRAMEWORK_HEADER = YES;
				CLANG_WARN_RANGE_LOOP_ANALYSIS = YES;
				CLANG_WARN_STRICT_PROTOTYPES = YES;
				CLANG_WARN_SUSPICIOUS_MOVE = YES;
				CLANG_WARN_UNGUARDED_AVAILABILITY = YES_AGGRESSIVE;
				CLANG_WARN_UNREACHABLE_CODE = YES;
				CLANG_WARN__DUPLICATE_METHOD_MATCH = YES;
				COPY_PHASE_STRIP = NO;
				DEBUG_INFORMATION_FORMAT = "dwarf-with-dsym";
				ENABLE_NS_ASSERTIONS = NO;
				ENABLE_STRICT_OBJC_MSGSEND = YES;
				GCC_C_LANGUAGE_STANDARD = gnu11;
				GCC_NO_COMMON_BLOCKS = YES;
				GCC_WARN_64_TO_32_BIT_CONVERSION = YES;
				GCC_WARN_ABOUT_RETURN_TYPE = YES_ERROR;
				GCC_WARN_UNDECLARED_SELECTOR = YES;
				GCC_WARN_UNINITIALIZED_AUTOS = YES_AGGRESSIVE;
				GCC_WARN_UNUSED_FUNCTION = YES;
				GCC_WARN_UNUSED_VARIABLE = YES;
				IPHONEOS_DEPLOYMENT_TARGET = 14.0;
				MTL_ENABLE_DEBUG_INFO = NO;
				MTL_FAST_MATH = YES;
				SDKROOT = iphoneos;
				SWIFT_COMPILATION_MODE = wholemodule;
				SWIFT_OPTIMIZATION_LEVEL = "-O";
				VALIDATE_PRODUCT = YES;
			};
			name = Release;
		};
		554D1767262FFE6A00176C3E /* Debug */ = {
			isa = XCBuildConfiguration;
			buildSettings = {
				ASSETCATALOG_COMPILER_APPICON_NAME = AppIcon;
				ASSETCATALOG_COMPILER_GLOBAL_ACCENT_COLOR_NAME = AccentColor;
				CODE_SIGN_STYLE = Automatic;
				DEVELOPMENT_ASSET_PATHS = "\"SwiftUIDemo/Preview Content\"";
				DEVELOPMENT_TEAM = A7X65MRJUN;
				ENABLE_PREVIEWS = YES;
				INFOPLIST_FILE = SwiftUIDemo/Info.plist;
				LD_RUNPATH_SEARCH_PATHS = (
					"$(inherited)",
					"@executable_path/Frameworks",
				);
				PRODUCT_BUNDLE_IDENTIFIER = "com.-IpadDemo.SwiftUIDemo";
				PRODUCT_NAME = "$(TARGET_NAME)";
				SWIFT_VERSION = 5.0;
				TARGETED_DEVICE_FAMILY = "1,2";
			};
			name = Debug;
		};
		554D1768262FFE6A00176C3E /* Release */ = {
			isa = XCBuildConfiguration;
			buildSettings = {
				ASSETCATALOG_COMPILER_APPICON_NAME = AppIcon;
				ASSETCATALOG_COMPILER_GLOBAL_ACCENT_COLOR_NAME = AccentColor;
				CODE_SIGN_STYLE = Automatic;
				DEVELOPMENT_ASSET_PATHS = "\"SwiftUIDemo/Preview Content\"";
				DEVELOPMENT_TEAM = A7X65MRJUN;
				ENABLE_PREVIEWS = YES;
				INFOPLIST_FILE = SwiftUIDemo/Info.plist;
				LD_RUNPATH_SEARCH_PATHS = (
					"$(inherited)",
					"@executable_path/Frameworks",
				);
				PRODUCT_BUNDLE_IDENTIFIER = "com.-IpadDemo.SwiftUIDemo";
				PRODUCT_NAME = "$(TARGET_NAME)";
				SWIFT_VERSION = 5.0;
				TARGETED_DEVICE_FAMILY = "1,2";
			};
			name = Release;
		};
/* End XCBuildConfiguration section */

/* Begin XCConfigurationList section */
		554D174D262FFE6800176C3E /* Build configuration list for PBXProject "SwiftUIDemo" */ = {
			isa = XCConfigurationList;
			buildConfigurations = (
				554D1764262FFE6A00176C3E /* Debug */,
				554D1765262FFE6A00176C3E /* Release */,
			);
			defaultConfigurationIsVisible = 0;
			defaultConfigurationName = Release;
		};
		554D1766262FFE6A00176C3E /* Build configuration list for PBXNativeTarget "SwiftUIDemo" */ = {
			isa = XCConfigurationList;
			buildConfigurations = (
				554D1767262FFE6A00176C3E /* Debug */,
				554D1768262FFE6A00176C3E /* Release */,
			);
			defaultConfigurationIsVisible = 0;
			defaultConfigurationName = Release;
		};
/* End XCConfigurationList section */
	};
	rootObject = 554D174A262FFE6800176C3E /* Project object */;
}
